
Microsoft Visual Studio Solution File, Format Version 12.00
# Visual Studio Version 16
VisualStudioVersion = 16.0.34601.136
MinimumVisualStudioVersion = 10.0.40219.1
Project("{FAE04EC0-301F-11D3-BF4B-00C04F79EFBC}") = "Job websit", "Job websit.csproj", "{0D28DBD0-3A21-449B-9FF9-2FEBF31D4FC1}"
EndProject
Global
	GlobalSection(SolutionConfigurationPlatforms) = preSolution
		Debug|Any CPU = Debug|Any CPU
		Release|Any CPU = Release|Any CPU
	EndGlobalSection
	GlobalSection(ProjectConfigurationPlatforms) = postSolution
		{0D28DBD0-3A21-449B-9FF9-2FEBF31D4FC1}.Debug|Any CPU.ActiveCfg = Debug|Any CPU
		{0D28DBD0-3A21-449B-9FF9-2FEBF31D4FC1}.Debug|Any CPU.Build.0 = Debug|Any CPU
		{0D28DBD0-3A21-449B-9FF9-2FEBF31D4FC1}.Release|Any CPU.ActiveCfg = Release|Any CPU
		{0D28DBD0-3A21-449B-9FF9-2FEBF31D4FC1}.Release|Any CPU.Build.0 = Release|Any CPU
	EndGlobalSection
	GlobalSection(SolutionProperties) = preSolution
		HideSolutionNode = FALSE
	EndGlobalSection
	GlobalSection(ExtensibilityGlobals) = postSolution
		SolutionGuid = {60F1DD78-3295-4BC6-86E6-C8E648726697}
	EndGlobalSection
EndGlobal
